
Microsoft Visual Studio Solution File, Format Version 12.00
Project("{FAE04EC0-301F-11D3-BF4B-00C04F79EFBC}") = "practicing", "practicing\practicing.csproj", "{2E712616-ED85-4A1A-B8A0-CFC68D7B4D29}"
EndProject
Global
	GlobalSection(SolutionConfigurationPlatforms) = preSolution
		Debug|Any CPU = Debug|Any CPU
		Release|Any CPU = Release|Any CPU
	EndGlobalSection
	GlobalSection(ProjectConfigurationPlatforms) = postSolution
		{2E712616-ED85-4A1A-B8A0-CFC68D7B4D29}.Debug|Any CPU.ActiveCfg = Debug|Any CPU
		{2E712616-ED85-4A1A-B8A0-CFC68D7B4D29}.Debug|Any CPU.Build.0 = Debug|Any CPU
		{2E712616-ED85-4A1A-B8A0-CFC68D7B4D29}.Release|Any CPU.ActiveCfg = Release|Any CPU
		{2E712616-ED85-4A1A-B8A0-CFC68D7B4D29}.Release|Any CPU.Build.0 = Release|Any CPU
	EndGlobalSection
EndGlobal
